
Microsoft Visual Studio Solution File, Format Version 12.00
# Visual Studio Version 17
VisualStudioVersion = 17.2.32526.322
MinimumVisualStudioVersion = 10.0.40219.1
Project("{FAE04EC0-301F-11D3-BF4B-00C04F79EFBC}") = "Transport", "Transport\Transport.csproj", "{187B59E5-CCA6-4361-9A98-E540EC0893F5}"
EndProject
Global
	GlobalSection(SolutionConfigurationPlatforms) = preSolution
		Debug|Any CPU = Debug|Any CPU
		Release|Any CPU = Release|Any CPU
	EndGlobalSection
	GlobalSection(ProjectConfigurationPlatforms) = postSolution
		{187B59E5-CCA6-4361-9A98-E540EC0893F5}.Debug|Any CPU.ActiveCfg = Debug|Any CPU
		{187B59E5-CCA6-4361-9A98-E540EC0893F5}.Debug|Any CPU.Build.0 = Debug|Any CPU
		{187B59E5-CCA6-4361-9A98-E540EC0893F5}.Release|Any CPU.ActiveCfg = Release|Any CPU
		{187B59E5-CCA6-4361-9A98-E540EC0893F5}.Release|Any CPU.Build.0 = Release|Any CPU
	EndGlobalSection
	GlobalSection(SolutionProperties) = preSolution
		HideSolutionNode = FALSE
	EndGlobalSection
	GlobalSection(ExtensibilityGlobals) = postSolution
		SolutionGuid = {81DC218C-B6A9-4DC8-946C-1A130F1579D7}
	EndGlobalSection
EndGlobal
